
Microsoft Visual Studio Solution File, Format Version 12.00
# Visual Studio Version 17
VisualStudioVersion = 17.12.35527.113
MinimumVisualStudioVersion = 10.0.40219.1
Project("{FAE04EC0-301F-11D3-BF4B-00C04F79EFBC}") = "ChatApplication", "ChatApplication\ChatApplication.csproj", "{0247A12A-3D39-4F45-A7F1-5AFBD184C50D}"
EndProject
Project("{FAE04EC0-301F-11D3-BF4B-00C04F79EFBC}") = "ChatApplication.Client", "ChatApplication.Client\ChatApplication.Client.csproj", "{3E07BBA8-96F2-4C33-8065-B1B421D6E725}"
EndProject
Global
	GlobalSection(SolutionConfigurationPlatforms) = preSolution
		Debug|Any CPU = Debug|Any CPU
		Release|Any CPU = Release|Any CPU
	EndGlobalSection
	GlobalSection(ProjectConfigurationPlatforms) = postSolution
		{0247A12A-3D39-4F45-A7F1-5AFBD184C50D}.Debug|Any CPU.ActiveCfg = Debug|Any CPU
		{0247A12A-3D39-4F45-A7F1-5AFBD184C50D}.Debug|Any CPU.Build.0 = Debug|Any CPU
		{0247A12A-3D39-4F45-A7F1-5AFBD184C50D}.Release|Any CPU.ActiveCfg = Release|Any CPU
		{0247A12A-3D39-4F45-A7F1-5AFBD184C50D}.Release|Any CPU.Build.0 = Release|Any CPU
		{3E07BBA8-96F2-4C33-8065-B1B421D6E725}.Debug|Any CPU.ActiveCfg = Debug|Any CPU
		{3E07BBA8-96F2-4C33-8065-B1B421D6E725}.Debug|Any CPU.Build.0 = Debug|Any CPU
		{3E07BBA8-96F2-4C33-8065-B1B421D6E725}.Release|Any CPU.ActiveCfg = Release|Any CPU
		{3E07BBA8-96F2-4C33-8065-B1B421D6E725}.Release|Any CPU.Build.0 = Release|Any CPU
	EndGlobalSection
	GlobalSection(SolutionProperties) = preSolution
		HideSolutionNode = FALSE
	EndGlobalSection
EndGlobal
